Microsoft Visual Studio Solution File, Format Version 12.00
# Visual Studio Version 17
VisualStudioVersion = 17.5.2.0
MinimumVisualStudioVersion = 10.0.40219.1
Project("{FAE04EC0-301F-11D3-BF4B-00C04F79EFBC}") = "MatchmakingService", "MatchmakingService.csproj", "{DC311F50-C1AF-CF30-B7CD-1ACE274994B5}"
EndProject
Global
	GlobalSection(SolutionConfigurationPlatforms) = preSolution
		Debug|Any CPU = Debug|Any CPU
		Release|Any CPU = Release|Any CPU
	EndGlobalSection
	GlobalSection(ProjectConfigurationPlatforms) = postSolution
		{DC311F50-C1AF-CF30-B7CD-1ACE274994B5}.Debug|Any CPU.ActiveCfg = Debug|Any CPU
		{DC311F50-C1AF-CF30-B7CD-1ACE274994B5}.Debug|Any CPU.Build.0 = Debug|Any CPU
		{DC311F50-C1AF-CF30-B7CD-1ACE274994B5}.Release|Any CPU.ActiveCfg = Release|Any CPU
		{DC311F50-C1AF-CF30-B7CD-1ACE274994B5}.Release|Any CPU.Build.0 = Release|Any CPU
	EndGlobalSection
	GlobalSection(SolutionProperties) = preSolution
		HideSolutionNode = FALSE
	EndGlobalSection
	GlobalSection(ExtensibilityGlobals) = postSolution
		SolutionGuid = {F7129385-2EB0-4C89-9DA1-42A4549CD7F5}
	EndGlobalSection
EndGlobal
